
Microsoft Visual Studio Solution File, Format Version 12.00
# Visual Studio Version 17
VisualStudioVersion = 17.4.33213.308
MinimumVisualStudioVersion = 10.0.40219.1
Project("{FAE04EC0-301F-11D3-BF4B-00C04F79EFBC}") = "COM367Quiz4", "COM367Quiz4\COM367Quiz4.csproj", "{223DBB99-DFA1-4D34-A22E-416F999FA7CC}"
EndProject
Global
	GlobalSection(SolutionConfigurationPlatforms) = preSolution
		Debug|Any CPU = Debug|Any CPU
		Release|Any CPU = Release|Any CPU
	EndGlobalSection
	GlobalSection(ProjectConfigurationPlatforms) = postSolution
		{223DBB99-DFA1-4D34-A22E-416F999FA7CC}.Debug|Any CPU.ActiveCfg = Debug|Any CPU
		{223DBB99-DFA1-4D34-A22E-416F999FA7CC}.Debug|Any CPU.Build.0 = Debug|Any CPU
		{223DBB99-DFA1-4D34-A22E-416F999FA7CC}.Release|Any CPU.ActiveCfg = Release|Any CPU
		{223DBB99-DFA1-4D34-A22E-416F999FA7CC}.Release|Any CPU.Build.0 = Release|Any CPU
	EndGlobalSection
	GlobalSection(SolutionProperties) = preSolution
		HideSolutionNode = FALSE
	EndGlobalSection
	GlobalSection(ExtensibilityGlobals) = postSolution
		SolutionGuid = {B3B09623-4D10-4038-9D60-C17C6FDDB942}
	EndGlobalSection
EndGlobal
